<Solution>
  <Project Path="Api/LegoStore.Api.csproj" />
  <Project Path="domain/LegoStore.Domain.csproj" />
  <Project Path="infrastructure/LegoStore.Infrastructure.csproj" />
  <Project Path="services/LegoStore.Services.csproj" />
  <Project Path="tests/LegoStore.Tests.csproj" />
  <Project Path="tools/LegoStore.Seed/LegoStore.Seed.csproj" />
</Solution>
